{
  "lockfileVersion": 1,
  "configVersion": 1,
  "workspaces": {
    "": {
      "devDependencies": {
        "@biomejs/biome": "2.4.6",
        "turbo": "2.8.14",
      },
    },
    "apps/backend": {
      "name": "backend",
      "devDependencies": {
        "@types/bun": "1.3.10",
        "@typescript/native-preview": "7.0.0-dev.20260306.1",
      },
    },
  },
  "packages": {
    "@biomejs/biome": ["@biomejs/biome@2.4.6", "", { "optionalDependencies": { "@biomejs/cli-darwin-arm64": "2.4.6", "@biomejs/cli-darwin-x64": "2.4.6", "@biomejs/cli-linux-arm64": "2.4.6", "@biomejs/cli-linux-arm64-musl": "2.4.6", "@biomejs/cli-linux-x64": "2.4.6", "@biomejs/cli-linux-x64-musl": "2.4.6", "@biomejs/cli-win32-arm64": "2.4.6", "@biomejs/cli-win32-x64": "2.4.6" }, "bin": { "biome": "bin/biome" } }, "sha512-QnHe81PMslpy3mnpL8DnO2M4S4ZnYPkjlGCLWBZT/3R9M6b5daArWMMtEfP52/n174RKnwRIf3oT8+wc9ihSfQ=="],

    "@biomejs/cli-darwin-arm64": ["@biomejs/cli-darwin-arm64@2.4.6", "", { "os": "darwin", "cpu": "arm64" }, "sha512-NW18GSyxr+8sJIqgoGwVp5Zqm4SALH4b4gftIA0n62PTuBs6G2tHlwNAOj0Vq0KKSs7Sf88VjjmHh0O36EnzrQ=="],

    "@biomejs/cli-darwin-x64": ["@biomejs/cli-darwin-x64@2.4.6", "", { "os": "darwin", "cpu": "x64" }, "sha512-4uiE/9tuI7cnjtY9b07RgS7gGyYOAfIAGeVJWEfeCnAarOAS7qVmuRyX6d7JTKw28/mt+rUzMasYeZ+0R/U1Mw=="],

    "@biomejs/cli-linux-arm64": ["@biomejs/cli-linux-arm64@2.4.6", "", { "os": "linux", "cpu": "arm64" }, "sha512-kMLaI7OF5GN1Q8Doymjro1P8rVEoy7BKQALNz6fiR8IC1WKduoNyteBtJlHT7ASIL0Cx2jR6VUOBIbcB1B8pew=="],

    "@biomejs/cli-linux-arm64-musl": ["@biomejs/cli-linux-arm64-musl@2.4.6", "", { "os": "linux", "cpu": "arm64" }, "sha512-F/JdB7eN22txiTqHM5KhIVt0jVkzZwVYrdTR1O3Y4auBOQcXxHK4dxULf4z43QyZI5tsnQJrRBHZy7wwtL+B3A=="],

    "@biomejs/cli-linux-x64": ["@biomejs/cli-linux-x64@2.4.6", "", { "os": "linux", "cpu": "x64" }, "sha512-oHXmUFEoH8Lql1xfc3QkFLiC1hGR7qedv5eKNlC185or+o4/4HiaU7vYODAH3peRCfsuLr1g6v2fK9dFFOYdyw=="],

    "@biomejs/cli-linux-x64-musl": ["@biomejs/cli-linux-x64-musl@2.4.6", "", { "os": "linux", "cpu": "x64" }, "sha512-C9s98IPDu7DYarjlZNuzJKTjVHN03RUnmHV5htvqsx6vEUXCDSJ59DNwjKVD5XYoSS4N+BYhq3RTBAL8X6svEg=="],

    "@biomejs/cli-win32-arm64": ["@biomejs/cli-win32-arm64@2.4.6", "", { "os": "win32", "cpu": "arm64" }, "sha512-xzThn87Pf3YrOGTEODFGONmqXpTwUNxovQb72iaUOdcw8sBSY3+3WD8Hm9IhMYLnPi0n32s3L3NWU6+eSjfqFg=="],

    "@biomejs/cli-win32-x64": ["@biomejs/cli-win32-x64@2.4.6", "", { "os": "win32", "cpu": "x64" }, "sha512-7++XhnsPlr1HDbor5amovPjOH6vsrFOCdp93iKXhFn6bcMUI6soodj3WWKfgEO6JosKU1W5n3uky3WW9RlRjTg=="],

    "@types/bun": ["@types/bun@1.3.10", "", { "dependencies": { "bun-types": "1.3.10" } }, "sha512-0+rlrUrOrTSskibryHbvQkDOWRJwJZqZlxrUs1u4oOoTln8+WIXBPmAuCF35SWB2z4Zl3E84Nl/D0P7803nigQ=="],

    "@types/node": ["@types/node@25.3.5", "", { "dependencies": { "undici-types": "~7.18.0" } }, "sha512-oX8xrhvpiyRCQkG1MFchB09f+cXftgIXb3a7UUa4Y3wpmZPw5tyZGTLWhlESOLq1Rq6oDlc8npVU2/9xiCuXMA=="],

    "@typescript/native-preview": ["@typescript/native-preview@7.0.0-dev.20260306.1", "", { "optionalDependencies": { "@typescript/native-preview-darwin-arm64": "7.0.0-dev.20260306.1", "@typescript/native-preview-darwin-x64": "7.0.0-dev.20260306.1", "@typescript/native-preview-linux-arm": "7.0.0-dev.20260306.1", "@typescript/native-preview-linux-arm64": "7.0.0-dev.20260306.1", "@typescript/native-preview-linux-x64": "7.0.0-dev.20260306.1", "@typescript/native-preview-win32-arm64": "7.0.0-dev.20260306.1", "@typescript/native-preview-win32-x64": "7.0.0-dev.20260306.1" }, "bin": { "tsgo": "bin/tsgo.js" } }, "sha512-4m7cOjtKu+iLazWW5MuJuI2ZZMkQkS42+GxN6FVdja1nL0t47l1wpaTnzUa1Ny9Xa0opIJ7psPAMBKYAPKbCKA=="],

    "@typescript/native-preview-darwin-arm64": ["@typescript/native-preview-darwin-arm64@7.0.0-dev.20260306.1", "", { "os": "darwin", "cpu": "arm64" }, "sha512-4vuh4VlPydMS/nymDzjJIKDk3dntnEEB5UzyJV9mM4kxF5+geFgJih1DTtZS3qVafhHLB3e4l8omtvGftMnb8g=="],

    "@typescript/native-preview-darwin-x64": ["@typescript/native-preview-darwin-x64@7.0.0-dev.20260306.1", "", { "os": "darwin", "cpu": "x64" }, "sha512-qxYfv0aM4KCZPEe584KIjT5sO4uR+xdyuQXX5tXbnH1UoksIz7bvJ9KUgRloS/q/ww0f8UjPS2+27LnRA4y7ig=="],

    "@typescript/native-preview-linux-arm": ["@typescript/native-preview-linux-arm@7.0.0-dev.20260306.1", "", { "os": "linux", "cpu": "arm" }, "sha512-8gRAFx0ExDWHOmphl8mzBrSoGWnLWDU4VpxkPRsWqaJpHVbjr9Yk2QkuJNIaDmF6q44eJmW/huSiObmHTbZ1UQ=="],

    "@typescript/native-preview-linux-arm64": ["@typescript/native-preview-linux-arm64@7.0.0-dev.20260306.1", "", { "os": "linux", "cpu": "arm64" }, "sha512-8G0BKvTkE+eKX1tSnyKeDaf3bWPWY7OI77SMipagCAyYi06v4gxx+IVE3Px7W7kLX2Wqp1MjWDXu2N76wfJtXQ=="],

    "@typescript/native-preview-linux-x64": ["@typescript/native-preview-linux-x64@7.0.0-dev.20260306.1", "", { "os": "linux", "cpu": "x64" }, "sha512-rsJV3Z9J/zYCEtcqvm+WfLAml3i1OAyMEUn0hja7i8C0kzE+tXKXzsJ0+I1TrSU5O7hHvqlLTvueBoCoM4aL4g=="],

    "@typescript/native-preview-win32-arm64": ["@typescript/native-preview-win32-arm64@7.0.0-dev.20260306.1", "", { "os": "win32", "cpu": "arm64" }, "sha512-US1WsIu9IukaFzM+w8wt0fIAkmk2WtxeVuk8nkbrnH9S3ax39r0J4ikMNZSXEJE0VMxhXJoymzfWxhj3s9yW/Q=="],

    "@typescript/native-preview-win32-x64": ["@typescript/native-preview-win32-x64@7.0.0-dev.20260306.1", "", { "os": "win32", "cpu": "x64" }, "sha512-MlneT0RWS9Zdb8XoWvHsUgmnMJu6K3S0BXRu5ZgUYjcbQKlkz+Z87aUB8eX8qnDFd9csJcMp3+ZrgQ/LKVGP1g=="],

    "backend": ["backend@workspace:apps/backend"],

    "bun-types": ["bun-types@1.3.10", "", { "dependencies": { "@types/node": "*" } }, "sha512-tcpfCCl6XWo6nCVnpcVrxQ+9AYN1iqMIzgrSKYMB/fjLtV2eyAVEg7AxQJuCq/26R6HpKWykQXuSOq/21RYcbg=="],

    "turbo": ["turbo@2.8.14", "", { "optionalDependencies": { "turbo-darwin-64": "2.8.14", "turbo-darwin-arm64": "2.8.14", "turbo-linux-64": "2.8.14", "turbo-linux-arm64": "2.8.14", "turbo-windows-64": "2.8.14", "turbo-windows-arm64": "2.8.14" }, "bin": { "turbo": "bin/turbo" } }, "sha512-UCTxeMNYT1cKaHiIFdLCQ7ulI+jw5i5uOnJOrRXsgUD7G3+OjlUjwVd7JfeVt2McWSVGjYA3EVW/v1FSsJ5DtA=="],

    "turbo-darwin-64": ["turbo-darwin-64@2.8.14", "", { "os": "darwin", "cpu": "x64" }, "sha512-9sFi7n2lLfEsGWi5OEoA/eTtQU2BPKtzSYKqufMtDeRmqMT9vKjbv9gJCRkllSVE9BOXA0qXC3diyX8V8rKIKw=="],

    "turbo-darwin-arm64": ["turbo-darwin-arm64@2.8.14", "", { "os": "darwin", "cpu": "arm64" }, "sha512-aS4yJuy6A1PCLws+PJpZP0qCURG8Y5iVx13z/WAbKyeDTY6W6PiGgcEllSaeLGxyn++382ztN/EZH85n2zZ6VQ=="],

    "turbo-linux-64": ["turbo-linux-64@2.8.14", "", { "os": "linux", "cpu": "x64" }, "sha512-XC6wPUDJkakjhNLaS0NrHDMiujRVjH+naEAwvKLArgqRaFkNxjmyNDRM4eu3soMMFmjym6NTxYaF74rvET+Orw=="],

    "turbo-linux-arm64": ["turbo-linux-arm64@2.8.14", "", { "os": "linux", "cpu": "arm64" }, "sha512-ChfE7isyVNjZrVSPDwcfqcHLG/FuIBbOFxnt1FM8vSuBGzHAs8AlTdwFNIxlEMJfZ8Ad9mdMxdmsCUPIWiQ6cg=="],

    "turbo-windows-64": ["turbo-windows-64@2.8.14", "", { "os": "win32", "cpu": "x64" }, "sha512-FTbIeQL1ycLFW2t9uQNMy+bRSzi3Xhwun/e7ZhFBdM+U0VZxxrtfYEBM9CHOejlfqomk6Jh7aRz0sJoqYn39Hg=="],

    "turbo-windows-arm64": ["turbo-windows-arm64@2.8.14", "", { "os": "win32", "cpu": "arm64" }, "sha512-KgZX12cTyhY030qS7ieT8zRkhZZE2VWJasDFVUSVVn17nR7IShpv68/7j5UqJNeRLIGF1XPK0phsP5V5yw3how=="],

    "undici-types": ["undici-types@7.18.2", "", {}, "sha512-AsuCzffGHJybSaRrmr5eHr81mwJU3kjw6M+uprWvCXiNeN9SOGwQ3Jn8jb8m3Z6izVgknn1R0FTCEAP2QrLY/w=="],
  }
}
