{
  "lockfileVersion": 1,
  "configVersion": 1,
  "workspaces": {
    "": {
      "name": "backend",
      "devDependencies": {
        "@types/bun": "1.3.10",
        "@typescript/native-preview": "7.0.0-dev.20260306.1",
      },
    },
  },
  "packages": {
    "@types/bun": ["@types/bun@1.3.10", "", { "dependencies": { "bun-types": "1.3.10" } }, "sha512-0+rlrUrOrTSskibryHbvQkDOWRJwJZqZlxrUs1u4oOoTln8+WIXBPmAuCF35SWB2z4Zl3E84Nl/D0P7803nigQ=="],

    "@types/node": ["@types/node@25.3.5", "", { "dependencies": { "undici-types": "~7.18.0" } }, "sha512-oX8xrhvpiyRCQkG1MFchB09f+cXftgIXb3a7UUa4Y3wpmZPw5tyZGTLWhlESOLq1Rq6oDlc8npVU2/9xiCuXMA=="],

    "@typescript/native-preview": ["@typescript/native-preview@7.0.0-dev.20260306.1", "", { "optionalDependencies": { "@typescript/native-preview-darwin-arm64": "7.0.0-dev.20260306.1", "@typescript/native-preview-darwin-x64": "7.0.0-dev.20260306.1", "@typescript/native-preview-linux-arm": "7.0.0-dev.20260306.1", "@typescript/native-preview-linux-arm64": "7.0.0-dev.20260306.1", "@typescript/native-preview-linux-x64": "7.0.0-dev.20260306.1", "@typescript/native-preview-win32-arm64": "7.0.0-dev.20260306.1", "@typescript/native-preview-win32-x64": "7.0.0-dev.20260306.1" }, "bin": { "tsgo": "bin/tsgo.js" } }, "sha512-4m7cOjtKu+iLazWW5MuJuI2ZZMkQkS42+GxN6FVdja1nL0t47l1wpaTnzUa1Ny9Xa0opIJ7psPAMBKYAPKbCKA=="],

    "@typescript/native-preview-darwin-arm64": ["@typescript/native-preview-darwin-arm64@7.0.0-dev.20260306.1", "", { "os": "darwin", "cpu": "arm64" }, "sha512-4vuh4VlPydMS/nymDzjJIKDk3dntnEEB5UzyJV9mM4kxF5+geFgJih1DTtZS3qVafhHLB3e4l8omtvGftMnb8g=="],

    "@typescript/native-preview-darwin-x64": ["@typescript/native-preview-darwin-x64@7.0.0-dev.20260306.1", "", { "os": "darwin", "cpu": "x64" }, "sha512-qxYfv0aM4KCZPEe584KIjT5sO4uR+xdyuQXX5tXbnH1UoksIz7bvJ9KUgRloS/q/ww0f8UjPS2+27LnRA4y7ig=="],

    "@typescript/native-preview-linux-arm": ["@typescript/native-preview-linux-arm@7.0.0-dev.20260306.1", "", { "os": "linux", "cpu": "arm" }, "sha512-8gRAFx0ExDWHOmphl8mzBrSoGWnLWDU4VpxkPRsWqaJpHVbjr9Yk2QkuJNIaDmF6q44eJmW/huSiObmHTbZ1UQ=="],

    "@typescript/native-preview-linux-arm64": ["@typescript/native-preview-linux-arm64@7.0.0-dev.20260306.1", "", { "os": "linux", "cpu": "arm64" }, "sha512-8G0BKvTkE+eKX1tSnyKeDaf3bWPWY7OI77SMipagCAyYi06v4gxx+IVE3Px7W7kLX2Wqp1MjWDXu2N76wfJtXQ=="],

    "@typescript/native-preview-linux-x64": ["@typescript/native-preview-linux-x64@7.0.0-dev.20260306.1", "", { "os": "linux", "cpu": "x64" }, "sha512-rsJV3Z9J/zYCEtcqvm+WfLAml3i1OAyMEUn0hja7i8C0kzE+tXKXzsJ0+I1TrSU5O7hHvqlLTvueBoCoM4aL4g=="],

    "@typescript/native-preview-win32-arm64": ["@typescript/native-preview-win32-arm64@7.0.0-dev.20260306.1", "", { "os": "win32", "cpu": "arm64" }, "sha512-US1WsIu9IukaFzM+w8wt0fIAkmk2WtxeVuk8nkbrnH9S3ax39r0J4ikMNZSXEJE0VMxhXJoymzfWxhj3s9yW/Q=="],

    "@typescript/native-preview-win32-x64": ["@typescript/native-preview-win32-x64@7.0.0-dev.20260306.1", "", { "os": "win32", "cpu": "x64" }, "sha512-MlneT0RWS9Zdb8XoWvHsUgmnMJu6K3S0BXRu5ZgUYjcbQKlkz+Z87aUB8eX8qnDFd9csJcMp3+ZrgQ/LKVGP1g=="],

    "bun-types": ["bun-types@1.3.10", "", { "dependencies": { "@types/node": "*" } }, "sha512-tcpfCCl6XWo6nCVnpcVrxQ+9AYN1iqMIzgrSKYMB/fjLtV2eyAVEg7AxQJuCq/26R6HpKWykQXuSOq/21RYcbg=="],

    "undici-types": ["undici-types@7.18.2", "", {}, "sha512-AsuCzffGHJybSaRrmr5eHr81mwJU3kjw6M+uprWvCXiNeN9SOGwQ3Jn8jb8m3Z6izVgknn1R0FTCEAP2QrLY/w=="],
  }
}
